
Microsoft Visual Studio Solution File, Format Version 12.00
# Visual Studio Version 17
VisualStudioVersion = 17.5.002.0
MinimumVisualStudioVersion = 10.0.40219.1
Project("{9A19103F-16F7-4668-BE54-9A1E7A4F7556}") = "Shitmaps", "Shitmaps.csproj", "{5DB06D30-2F7D-42CF-9CBD-7D2BDEEF037E}"
EndProject
Global
	GlobalSection(SolutionConfigurationPlatforms) = preSolution
		Debug|Any CPU = Debug|Any CPU
		Release|Any CPU = Release|Any CPU
	EndGlobalSection
	GlobalSection(ProjectConfigurationPlatforms) = postSolution
		{5DB06D30-2F7D-42CF-9CBD-7D2BDEEF037E}.Debug|Any CPU.ActiveCfg = Debug|Any CPU
		{5DB06D30-2F7D-42CF-9CBD-7D2BDEEF037E}.Debug|Any CPU.Build.0 = Debug|Any CPU
		{5DB06D30-2F7D-42CF-9CBD-7D2BDEEF037E}.Release|Any CPU.ActiveCfg = Release|Any CPU
		{5DB06D30-2F7D-42CF-9CBD-7D2BDEEF037E}.Release|Any CPU.Build.0 = Release|Any CPU
	EndGlobalSection
	GlobalSection(SolutionProperties) = preSolution
		HideSolutionNode = FALSE
	EndGlobalSection
	GlobalSection(ExtensibilityGlobals) = postSolution
		SolutionGuid = {239A7263-F254-45F1-89D3-D4B41A7A21E3}
	EndGlobalSection
EndGlobal
